
Microsoft Visual Studio Solution File, Format Version 12.00
# Visual Studio Version 17
VisualStudioVersion = 17.4.33205.214
MinimumVisualStudioVersion = 10.0.40219.1
Project("{9A19103F-16F7-4668-BE54-9A1E7A4F7556}") = "MatrixModel", "MatrixModel\MatrixModel.csproj", "{B42114BC-4A26-4178-9570-781ACE45ACE3}"
EndProject
Project("{9A19103F-16F7-4668-BE54-9A1E7A4F7556}") = "ConsoleApp1", "ConsoleApp1\ConsoleApp1.csproj", "{5884F999-778D-49F6-ADF4-DC357AAB270E}"
EndProject
Project("{9A19103F-16F7-4668-BE54-9A1E7A4F7556}") = "viewMatrix", "viewMatrix\viewMatrix.csproj", "{76A57DC9-C04A-4980-B6EF-33DE42446747}"
EndProject
Project("{9A19103F-16F7-4668-BE54-9A1E7A4F7556}") = "MatrixCalculatorClient", "MatrixCalculatorClient\MatrixCalculatorClient.csproj", "{D490F588-6E1E-476C-912D-1262283497C0}"
EndProject
Project("{FAE04EC0-301F-11D3-BF4B-00C04F79EFBC}") = "MatrxCalculatorLib", "MatrxCalculatorLib\MatrxCalculatorLib.csproj", "{A1B76F4E-5684-4FEA-B5C4-C94BD938DC33}"
EndProject
Global
	GlobalSection(SolutionConfigurationPlatforms) = preSolution
		Debug|Any CPU = Debug|Any CPU
		Release|Any CPU = Release|Any CPU
	EndGlobalSection
	GlobalSection(ProjectConfigurationPlatforms) = postSolution
		{B42114BC-4A26-4178-9570-781ACE45ACE3}.Debug|Any CPU.ActiveCfg = Debug|Any CPU
		{B42114BC-4A26-4178-9570-781ACE45ACE3}.Debug|Any CPU.Build.0 = Debug|Any CPU
		{B42114BC-4A26-4178-9570-781ACE45ACE3}.Release|Any CPU.ActiveCfg = Release|Any CPU
		{B42114BC-4A26-4178-9570-781ACE45ACE3}.Release|Any CPU.Build.0 = Release|Any CPU
		{5884F999-778D-49F6-ADF4-DC357AAB270E}.Debug|Any CPU.ActiveCfg = Debug|Any CPU
		{5884F999-778D-49F6-ADF4-DC357AAB270E}.Debug|Any CPU.Build.0 = Debug|Any CPU
		{5884F999-778D-49F6-ADF4-DC357AAB270E}.Release|Any CPU.ActiveCfg = Release|Any CPU
		{5884F999-778D-49F6-ADF4-DC357AAB270E}.Release|Any CPU.Build.0 = Release|Any CPU
		{76A57DC9-C04A-4980-B6EF-33DE42446747}.Debug|Any CPU.ActiveCfg = Debug|Any CPU
		{76A57DC9-C04A-4980-B6EF-33DE42446747}.Debug|Any CPU.Build.0 = Debug|Any CPU
		{76A57DC9-C04A-4980-B6EF-33DE42446747}.Release|Any CPU.ActiveCfg = Release|Any CPU
		{76A57DC9-C04A-4980-B6EF-33DE42446747}.Release|Any CPU.Build.0 = Release|Any CPU
		{D490F588-6E1E-476C-912D-1262283497C0}.Debug|Any CPU.ActiveCfg = Debug|Any CPU
		{D490F588-6E1E-476C-912D-1262283497C0}.Debug|Any CPU.Build.0 = Debug|Any CPU
		{D490F588-6E1E-476C-912D-1262283497C0}.Release|Any CPU.ActiveCfg = Release|Any CPU
		{D490F588-6E1E-476C-912D-1262283497C0}.Release|Any CPU.Build.0 = Release|Any CPU
		{A1B76F4E-5684-4FEA-B5C4-C94BD938DC33}.Debug|Any CPU.ActiveCfg = Debug|Any CPU
		{A1B76F4E-5684-4FEA-B5C4-C94BD938DC33}.Debug|Any CPU.Build.0 = Debug|Any CPU
		{A1B76F4E-5684-4FEA-B5C4-C94BD938DC33}.Release|Any CPU.ActiveCfg = Release|Any CPU
		{A1B76F4E-5684-4FEA-B5C4-C94BD938DC33}.Release|Any CPU.Build.0 = Release|Any CPU
	EndGlobalSection
	GlobalSection(SolutionProperties) = preSolution
		HideSolutionNode = FALSE
	EndGlobalSection
	GlobalSection(ExtensibilityGlobals) = postSolution
		SolutionGuid = {DEA8E6FF-B3DC-4314-B811-A2CA4F275929}
	EndGlobalSection
EndGlobal
